
Microsoft Visual Studio Solution File, Format Version 12.00
# Visual Studio Version 16
VisualStudioVersion = 16.0.29609.76
MinimumVisualStudioVersion = 10.0.40219.1
Project("{FAE04EC0-301F-11D3-BF4B-00C04F79EFBC}") = "Easy Cryptor", "Easy Cryptor\Easy Cryptor.csproj", "{BFF7CCAC-E364-4938-9686-1B849AE6EFB4}"
EndProject
Global
	GlobalSection(SolutionConfigurationPlatforms) = preSolution
		Debug|Any CPU = Debug|Any CPU
		Release|Any CPU = Release|Any CPU
	EndGlobalSection
	GlobalSection(ProjectConfigurationPlatforms) = postSolution
		{BFF7CCAC-E364-4938-9686-1B849AE6EFB4}.Debug|Any CPU.ActiveCfg = Debug|Any CPU
		{BFF7CCAC-E364-4938-9686-1B849AE6EFB4}.Debug|Any CPU.Build.0 = Debug|Any CPU
		{BFF7CCAC-E364-4938-9686-1B849AE6EFB4}.Release|Any CPU.ActiveCfg = Release|Any CPU
		{BFF7CCAC-E364-4938-9686-1B849AE6EFB4}.Release|Any CPU.Build.0 = Release|Any CPU
	EndGlobalSection
	GlobalSection(SolutionProperties) = preSolution
		HideSolutionNode = FALSE
	EndGlobalSection
	GlobalSection(ExtensibilityGlobals) = postSolution
		SolutionGuid = {EBFB02D0-FE69-474B-91BF-FB0C58559D65}
	EndGlobalSection
EndGlobal
